# This file is generated by running "yarn install" inside your project.
# Manual changes might be lost - proceed with caution!

__metadata:
  version: 6

"@acme/monorepo@workspace:.":
  version: 0.0.0-use.local
  resolution: "@acme/monorepo@workspace:."
  dependencies:
    src: "link:./src"
  languageName: unknown
  linkType: soft

"src@link:./src::locator=%40acme%2Fmonorepo%40workspace%3A.":
  version: 0.0.0-use.local
  resolution: "src@link:./src::locator=%40acme%2Fmonorepo%40workspace%3A."
  languageName: node
  linkType: soft
